// !$*UTF8*$!
{
	archiveVersion = 1;
	classes = {
	};
	objectVersion = 46;
	objects = {

/* Begin PBXBuildFile section */
		29D888B01F1DBC1A00080B71 /* Obj1.m in Sources */ = {isa = PBXBuildFile; fileRef = 29D888AF1F1DBC1A00080B71 /* Obj1.m */; };
		29D888B31F1DBC2400080B71 /* Super.m in Sources */ = {isa = PBXBuildFile; fileRef = 29D888B21F1DBC2400080B71 /* Super.m */; };
		29D888B61F1DBCA500080B71 /* Obj2.m in Sources */ = {isa = PBXBuildFile; fileRef = 29D888B51F1DBCA500080B71 /* Obj2.m */; };
		3344AB921A076E6D00538864 /* DPDBManager.m in Sources */ = {isa = PBXBuildFile; fileRef = 3344AB911A076E6D00538864 /* DPDBManager.m */; };
		3344AB951A079F9600538864 /* Test1.m in Sources */ = {isa = PBXBuildFile; fileRef = 3344AB941A079F9600538864 /* Test1.m */; };
		3369EA831EF91F2700FD66D3 /* libsqlite3.tbd in Frameworks */ = {isa = PBXBuildFile; fileRef = 3369EA821EF91F2700FD66D3 /* libsqlite3.tbd */; };
		3369EA851EF91F2D00FD66D3 /* libz.tbd in Frameworks */ = {isa = PBXBuildFile; fileRef = 3369EA841EF91F2D00FD66D3 /* libz.tbd */; };
		33B384AA1A0B927800F617F4 /* Foundation.framework in Frameworks */ = {isa = PBXBuildFile; fileRef = 33B384A91A0B927800F617F4 /* Foundation.framework */; };
		33B458CF19FE679F00330BC4 /* main.m in Sources */ = {isa = PBXBuildFile; fileRef = 33B458CE19FE679F00330BC4 /* main.m */; };
		33B458D219FE679F00330BC4 /* AppDelegate.m in Sources */ = {isa = PBXBuildFile; fileRef = 33B458D119FE679F00330BC4 /* AppDelegate.m */; };
		33B458D519FE679F00330BC4 /* ViewController.m in Sources */ = {isa = PBXBuildFile; fileRef = 33B458D419FE679F00330BC4 /* ViewController.m */; };
		33B458D819FE679F00330BC4 /* Main.storyboard in Resources */ = {isa = PBXBuildFile; fileRef = 33B458D619FE679F00330BC4 /* Main.storyboard */; };
		33B458DA19FE679F00330BC4 /* Images.xcassets in Resources */ = {isa = PBXBuildFile; fileRef = 33B458D919FE679F00330BC4 /* Images.xcassets */; };
		33B458DD19FE679F00330BC4 /* LaunchScreen.xib in Resources */ = {isa = PBXBuildFile; fileRef = 33B458DB19FE679F00330BC4 /* LaunchScreen.xib */; };
		33B458E919FE679F00330BC4 /* DoPersistenceFrameworkTests.m in Sources */ = {isa = PBXBuildFile; fileRef = 33B458E819FE679F00330BC4 /* DoPersistenceFrameworkTests.m */; };
		33B458F519FE67E700330BC4 /* DPDBObject.m in Sources */ = {isa = PBXBuildFile; fileRef = 33B458F419FE67E700330BC4 /* DPDBObject.m */; };
		33B458F819FE690400330BC4 /* DBMETA.m in Sources */ = {isa = PBXBuildFile; fileRef = 33B458F719FE690400330BC4 /* DBMETA.m */; };
		33B458FC19FE6F0100330BC4 /* Test.m in Sources */ = {isa = PBXBuildFile; fileRef = 33B458FB19FE6F0100330BC4 /* Test.m */; };
		33B458FF19FE70DD00330BC4 /* DBMETAPROP.m in Sources */ = {isa = PBXBuildFile; fileRef = 33B458FE19FE70DD00330BC4 /* DBMETAPROP.m */; };
		33C9A25F1A19D69600BE93E2 /* NSArray+DPModelExtention.m in Sources */ = {isa = PBXBuildFile; fileRef = 33C9A25E1A19D69600BE93E2 /* NSArray+DPModelExtention.m */; };
		33C9A2621A19E92600BE93E2 /* NSSet+DPModelExtention.m in Sources */ = {isa = PBXBuildFile; fileRef = 33C9A2611A19E92600BE93E2 /* NSSet+DPModelExtention.m */; };
		33C9A2651A19F2AA00BE93E2 /* NSDictionary+KeyExtend.m in Sources */ = {isa = PBXBuildFile; fileRef = 33C9A2641A19F2AA00BE93E2 /* NSDictionary+KeyExtend.m */; };
		33C9A2681A19F2B300BE93E2 /* NSString+DOTypeConvert.m in Sources */ = {isa = PBXBuildFile; fileRef = 33C9A2671A19F2B300BE93E2 /* NSString+DOTypeConvert.m */; };
		33C9A26C1A19F52E00BE93E2 /* ExtendNSLogFunctionality.m in Sources */ = {isa = PBXBuildFile; fileRef = 33C9A26B1A19F52E00BE93E2 /* ExtendNSLogFunctionality.m */; };
/* End PBXBuildFile section */

/* Begin PBXContainerItemProxy section */
		33B458E319FE679F00330BC4 /* PBXContainerItemProxy */ = {
			isa = PBXContainerItemProxy;
			containerPortal = 33B458C119FE679F00330BC4 /* Project object */;
			proxyType = 1;
			remoteGlobalIDString = 33B458C819FE679F00330BC4;
			remoteInfo = DoPersistenceFramework;
		};
/* End PBXContainerItemProxy section */

/* Begin PBXFileReference section */
		29D888AE1F1DBC1A00080B71 /* Obj1.h */ = {isa = PBXFileReference; fileEncoding = 4; lastKnownFileType = sourcecode.c.h; path = Obj1.h; sourceTree = "<group>"; };
		29D888AF1F1DBC1A00080B71 /* Obj1.m */ = {isa = PBXFileReference; fileEncoding = 4; lastKnownFileType = sourcecode.c.objc; path = Obj1.m; sourceTree = "<group>"; };
		29D888B11F1DBC2400080B71 /* Super.h */ = {isa = PBXFileReference; fileEncoding = 4; lastKnownFileType = sourcecode.c.h; path = Super.h; sourceTree = "<group>"; };
		29D888B21F1DBC2400080B71 /* Super.m */ = {isa = PBXFileReference; fileEncoding = 4; lastKnownFileType = sourcecode.c.objc; path = Super.m; sourceTree = "<group>"; };
		29D888B41F1DBCA500080B71 /* Obj2.h */ = {isa = PBXFileReference; fileEncoding = 4; lastKnownFileType = sourcecode.c.h; path = Obj2.h; sourceTree = "<group>"; };
		29D888B51F1DBCA500080B71 /* Obj2.m */ = {isa = PBXFileReference; fileEncoding = 4; lastKnownFileType = sourcecode.c.objc; path = Obj2.m; sourceTree = "<group>"; };
		3344AB901A076E6D00538864 /* DPDBManager.h */ = {isa = PBXFileReference; fileEncoding = 4; lastKnownFileType = sourcecode.c.h; path = DPDBManager.h; sourceTree = "<group>"; };
		3344AB911A076E6D00538864 /* DPDBManager.m */ = {isa = PBXFileReference; fileEncoding = 4; lastKnownFileType = sourcecode.c.objc; path = DPDBManager.m; sourceTree = "<group>"; };
		3344AB931A079F9600538864 /* Test1.h */ = {isa = PBXFileReference; fileEncoding = 4; lastKnownFileType = sourcecode.c.h; path = Test1.h; sourceTree = "<group>"; };
		3344AB941A079F9600538864 /* Test1.m */ = {isa = PBXFileReference; fileEncoding = 4; lastKnownFileType = sourcecode.c.objc; path = Test1.m; sourceTree = "<group>"; };
		3344AB961A07A60700538864 /* DPConstants.h */ = {isa = PBXFileReference; lastKnownFileType = sourcecode.c.h; path = DPConstants.h; sourceTree = "<group>"; };
		3369EA821EF91F2700FD66D3 /* libsqlite3.tbd */ = {isa = PBXFileReference; lastKnownFileType = "sourcecode.text-based-dylib-definition"; name = libsqlite3.tbd; path = usr/lib/libsqlite3.tbd; sourceTree = SDKROOT; };
		3369EA841EF91F2D00FD66D3 /* libz.tbd */ = {isa = PBXFileReference; lastKnownFileType = "sourcecode.text-based-dylib-definition"; name = libz.tbd; path = usr/lib/libz.tbd; sourceTree = SDKROOT; };
		33B384A91A0B927800F617F4 /* Foundation.framework */ = {isa = PBXFileReference; lastKnownFileType = wrapper.framework; name = Foundation.framework; path = System/Library/Frameworks/Foundation.framework; sourceTree = SDKROOT; };
		33B458C919FE679F00330BC4 /* DoPersistenceFramework.app */ = {isa = PBXFileReference; explicitFileType = wrapper.application; includeInIndex = 0; path = DoPersistenceFramework.app; sourceTree = BUILT_PRODUCTS_DIR; };
		33B458CD19FE679F00330BC4 /* Info.plist */ = {isa = PBXFileReference; lastKnownFileType = text.plist.xml; path = Info.plist; sourceTree = "<group>"; };
		33B458CE19FE679F00330BC4 /* main.m */ = {isa = PBXFileReference; lastKnownFileType = sourcecode.c.objc; path = main.m; sourceTree = "<group>"; };
		33B458D019FE679F00330BC4 /* AppDelegate.h */ = {isa = PBXFileReference; lastKnownFileType = sourcecode.c.h; path = AppDelegate.h; sourceTree = "<group>"; };
		33B458D119FE679F00330BC4 /* AppDelegate.m */ = {isa = PBXFileReference; lastKnownFileType = sourcecode.c.objc; path = AppDelegate.m; sourceTree = "<group>"; };
		33B458D319FE679F00330BC4 /* ViewController.h */ = {isa = PBXFileReference; lastKnownFileType = sourcecode.c.h; path = ViewController.h; sourceTree = "<group>"; };
		33B458D419FE679F00330BC4 /* ViewController.m */ = {isa = PBXFileReference; lastKnownFileType = sourcecode.c.objc; path = ViewController.m; sourceTree = "<group>"; };
		33B458D719FE679F00330BC4 /* Base */ = {isa = PBXFileReference; lastKnownFileType = file.storyboard; name = Base; path = Base.lproj/Main.storyboard; sourceTree = "<group>"; };
		33B458D919FE679F00330BC4 /* Images.xcassets */ = {isa = PBXFileReference; lastKnownFileType = folder.assetcatalog; path = Images.xcassets; sourceTree = "<group>"; };
		33B458DC19FE679F00330BC4 /* Base */ = {isa = PBXFileReference; lastKnownFileType = file.xib; name = Base; path = Base.lproj/LaunchScreen.xib; sourceTree = "<group>"; };
		33B458E219FE679F00330BC4 /* DoPersistenceFrameworkTests.xctest */ = {isa = PBXFileReference; explicitFileType = wrapper.cfbundle; includeInIndex = 0; path = DoPersistenceFrameworkTests.xctest; sourceTree = BUILT_PRODUCTS_DIR; };
		33B458E719FE679F00330BC4 /* Info.plist */ = {isa = PBXFileReference; lastKnownFileType = text.plist.xml; path = Info.plist; sourceTree = "<group>"; };
		33B458E819FE679F00330BC4 /* DoPersistenceFrameworkTests.m */ = {isa = PBXFileReference; lastKnownFileType = sourcecode.c.objc; path = DoPersistenceFrameworkTests.m; sourceTree = "<group>"; };
		33B458F319FE67E700330BC4 /* DPDBObject.h */ = {isa = PBXFileReference; fileEncoding = 4; lastKnownFileType = sourcecode.c.h; path = DPDBObject.h; sourceTree = "<group>"; };
		33B458F419FE67E700330BC4 /* DPDBObject.m */ = {isa = PBXFileReference; fileEncoding = 4; lastKnownFileType = sourcecode.c.objc; path = DPDBObject.m; sourceTree = "<group>"; };
		33B458F619FE690400330BC4 /* DBMETA.h */ = {isa = PBXFileReference; fileEncoding = 4; lastKnownFileType = sourcecode.c.h; path = DBMETA.h; sourceTree = "<group>"; };
		33B458F719FE690400330BC4 /* DBMETA.m */ = {isa = PBXFileReference; fileEncoding = 4; lastKnownFileType = sourcecode.c.objc; path = DBMETA.m; sourceTree = "<group>"; };
		33B458FA19FE6F0100330BC4 /* Test.h */ = {isa = PBXFileReference; fileEncoding = 4; lastKnownFileType = sourcecode.c.h; path = Test.h; sourceTree = "<group>"; };
		33B458FB19FE6F0100330BC4 /* Test.m */ = {isa = PBXFileReference; fileEncoding = 4; lastKnownFileType = sourcecode.c.objc; path = Test.m; sourceTree = "<group>"; };
		33B458FD19FE70DD00330BC4 /* DBMETAPROP.h */ = {isa = PBXFileReference; fileEncoding = 4; lastKnownFileType = sourcecode.c.h; path = DBMETAPROP.h; sourceTree = "<group>"; };
		33B458FE19FE70DD00330BC4 /* DBMETAPROP.m */ = {isa = PBXFileReference; fileEncoding = 4; lastKnownFileType = sourcecode.c.objc; path = DBMETAPROP.m; sourceTree = "<group>"; };
		33C9A25D1A19D69500BE93E2 /* NSArray+DPModelExtention.h */ = {isa = PBXFileReference; fileEncoding = 4; lastKnownFileType = sourcecode.c.h; path = "NSArray+DPModelExtention.h"; sourceTree = "<group>"; };
		33C9A25E1A19D69600BE93E2 /* NSArray+DPModelExtention.m */ = {isa = PBXFileReference; fileEncoding = 4; lastKnownFileType = sourcecode.c.objc; path = "NSArray+DPModelExtention.m"; sourceTree = "<group>"; };
		33C9A2601A19E92600BE93E2 /* NSSet+DPModelExtention.h */ = {isa = PBXFileReference; fileEncoding = 4; lastKnownFileType = sourcecode.c.h; path = "NSSet+DPModelExtention.h"; sourceTree = "<group>"; };
		33C9A2611A19E92600BE93E2 /* NSSet+DPModelExtention.m */ = {isa = PBXFileReference; fileEncoding = 4; lastKnownFileType = sourcecode.c.objc; path = "NSSet+DPModelExtention.m"; sourceTree = "<group>"; };
		33C9A2631A19F2AA00BE93E2 /* NSDictionary+KeyExtend.h */ = {isa = PBXFileReference; fileEncoding = 4; lastKnownFileType = sourcecode.c.h; path = "NSDictionary+KeyExtend.h"; sourceTree = "<group>"; };
		33C9A2641A19F2AA00BE93E2 /* NSDictionary+KeyExtend.m */ = {isa = PBXFileReference; fileEncoding = 4; lastKnownFileType = sourcecode.c.objc; path = "NSDictionary+KeyExtend.m"; sourceTree = "<group>"; };
		33C9A2661A19F2B300BE93E2 /* NSString+DOTypeConvert.h */ = {isa = PBXFileReference; fileEncoding = 4; lastKnownFileType = sourcecode.c.h; path = "NSString+DOTypeConvert.h"; sourceTree = "<group>"; };
		33C9A2671A19F2B300BE93E2 /* NSString+DOTypeConvert.m */ = {isa = PBXFileReference; fileEncoding = 4; lastKnownFileType = sourcecode.c.objc; path = "NSString+DOTypeConvert.m"; sourceTree = "<group>"; };
		33C9A26A1A19F52E00BE93E2 /* ExtendNSLogFunctionality.h */ = {isa = PBXFileReference; fileEncoding = 4; lastKnownFileType = sourcecode.c.h; path = ExtendNSLogFunctionality.h; sourceTree = "<group>"; };
		33C9A26B1A19F52E00BE93E2 /* ExtendNSLogFunctionality.m */ = {isa = PBXFileReference; fileEncoding = 4; lastKnownFileType = sourcecode.c.objc; path = ExtendNSLogFunctionality.m; sourceTree = "<group>"; };
/* End PBXFileReference section */

/* Begin PBXFrameworksBuildPhase section */
		33B458C619FE679F00330BC4 /* Frameworks */ = {
			isa = PBXFrameworksBuildPhase;
			buildActionMask = 2147483647;
			files = (
				3369EA851EF91F2D00FD66D3 /* libz.tbd in Frameworks */,
				3369EA831EF91F2700FD66D3 /* libsqlite3.tbd in Frameworks */,
				33B384AA1A0B927800F617F4 /* Foundation.framework in Frameworks */,
			);
			runOnlyForDeploymentPostprocessing = 0;
		};
		33B458DF19FE679F00330BC4 /* Frameworks */ = {
			isa = PBXFrameworksBuildPhase;
			buildActionMask = 2147483647;
			files = (
			);
			runOnlyForDeploymentPostprocessing = 0;
		};
/* End PBXFrameworksBuildPhase section */

/* Begin PBXGroup section */
		3369EA811EF91F2700FD66D3 /* Frameworks */ = {
			isa = PBXGroup;
			children = (
				3369EA841EF91F2D00FD66D3 /* libz.tbd */,
				3369EA821EF91F2700FD66D3 /* libsqlite3.tbd */,
			);
			name = Frameworks;
			sourceTree = "<group>";
		};
		33B458C019FE679F00330BC4 = {
			isa = PBXGroup;
			children = (
				33B384A91A0B927800F617F4 /* Foundation.framework */,
				33B458CB19FE679F00330BC4 /* DoPersistenceFramework */,
				33B458E519FE679F00330BC4 /* DoPersistenceFrameworkTests */,
				33B458CA19FE679F00330BC4 /* Products */,
				3369EA811EF91F2700FD66D3 /* Frameworks */,
			);
			sourceTree = "<group>";
		};
		33B458CA19FE679F00330BC4 /* Products */ = {
			isa = PBXGroup;
			children = (
				33B458C919FE679F00330BC4 /* DoPersistenceFramework.app */,
				33B458E219FE679F00330BC4 /* DoPersistenceFrameworkTests.xctest */,
			);
			name = Products;
			sourceTree = "<group>";
		};
		33B458CB19FE679F00330BC4 /* DoPersistenceFramework */ = {
			isa = PBXGroup;
			children = (
				33C9A2691A19F52500BE93E2 /* 工具 */,
				33B458F919FE6EF600330BC4 /* Demo */,
				33B458F219FE67BC00330BC4 /* Classes */,
				33B458D019FE679F00330BC4 /* AppDelegate.h */,
				33B458D119FE679F00330BC4 /* AppDelegate.m */,
				33B458D319FE679F00330BC4 /* ViewController.h */,
				33B458D419FE679F00330BC4 /* ViewController.m */,
				33B458D619FE679F00330BC4 /* Main.storyboard */,
				33B458D919FE679F00330BC4 /* Images.xcassets */,
				33B458DB19FE679F00330BC4 /* LaunchScreen.xib */,
				33B458CC19FE679F00330BC4 /* Supporting Files */,
				29D888AE1F1DBC1A00080B71 /* Obj1.h */,
				29D888AF1F1DBC1A00080B71 /* Obj1.m */,
				29D888B11F1DBC2400080B71 /* Super.h */,
				29D888B21F1DBC2400080B71 /* Super.m */,
				29D888B41F1DBCA500080B71 /* Obj2.h */,
				29D888B51F1DBCA500080B71 /* Obj2.m */,
			);
			path = DoPersistenceFramework;
			sourceTree = "<group>";
		};
		33B458CC19FE679F00330BC4 /* Supporting Files */ = {
			isa = PBXGroup;
			children = (
				33B458CD19FE679F00330BC4 /* Info.plist */,
				33B458CE19FE679F00330BC4 /* main.m */,
			);
			name = "Supporting Files";
			sourceTree = "<group>";
		};
		33B458E519FE679F00330BC4 /* DoPersistenceFrameworkTests */ = {
			isa = PBXGroup;
			children = (
				33B458E819FE679F00330BC4 /* DoPersistenceFrameworkTests.m */,
				33B458E619FE679F00330BC4 /* Supporting Files */,
			);
			path = DoPersistenceFrameworkTests;
			sourceTree = "<group>";
		};
		33B458E619FE679F00330BC4 /* Supporting Files */ = {
			isa = PBXGroup;
			children = (
				33B458E719FE679F00330BC4 /* Info.plist */,
			);
			name = "Supporting Files";
			sourceTree = "<group>";
		};
		33B458F219FE67BC00330BC4 /* Classes */ = {
			isa = PBXGroup;
			children = (
				33C9A25C1A19D62900BE93E2 /* 类别 */,
				33B458F319FE67E700330BC4 /* DPDBObject.h */,
				33B458F419FE67E700330BC4 /* DPDBObject.m */,
				33B458F619FE690400330BC4 /* DBMETA.h */,
				33B458F719FE690400330BC4 /* DBMETA.m */,
				33B458FD19FE70DD00330BC4 /* DBMETAPROP.h */,
				33B458FE19FE70DD00330BC4 /* DBMETAPROP.m */,
				3344AB901A076E6D00538864 /* DPDBManager.h */,
				3344AB911A076E6D00538864 /* DPDBManager.m */,
				3344AB961A07A60700538864 /* DPConstants.h */,
			);
			path = Classes;
			sourceTree = "<group>";
		};
		33B458F919FE6EF600330BC4 /* Demo */ = {
			isa = PBXGroup;
			children = (
				33B458FA19FE6F0100330BC4 /* Test.h */,
				33B458FB19FE6F0100330BC4 /* Test.m */,
				3344AB931A079F9600538864 /* Test1.h */,
				3344AB941A079F9600538864 /* Test1.m */,
			);
			path = Demo;
			sourceTree = "<group>";
		};
		33C9A25C1A19D62900BE93E2 /* 类别 */ = {
			isa = PBXGroup;
			children = (
				33C9A2661A19F2B300BE93E2 /* NSString+DOTypeConvert.h */,
				33C9A2671A19F2B300BE93E2 /* NSString+DOTypeConvert.m */,
				33C9A2631A19F2AA00BE93E2 /* NSDictionary+KeyExtend.h */,
				33C9A2641A19F2AA00BE93E2 /* NSDictionary+KeyExtend.m */,
				33C9A25D1A19D69500BE93E2 /* NSArray+DPModelExtention.h */,
				33C9A25E1A19D69600BE93E2 /* NSArray+DPModelExtention.m */,
				33C9A2601A19E92600BE93E2 /* NSSet+DPModelExtention.h */,
				33C9A2611A19E92600BE93E2 /* NSSet+DPModelExtention.m */,
			);
			path = "类别";
			sourceTree = "<group>";
		};
		33C9A2691A19F52500BE93E2 /* 工具 */ = {
			isa = PBXGroup;
			children = (
				33C9A26A1A19F52E00BE93E2 /* ExtendNSLogFunctionality.h */,
				33C9A26B1A19F52E00BE93E2 /* ExtendNSLogFunctionality.m */,
			);
			path = "工具";
			sourceTree = "<group>";
		};
/* End PBXGroup section */

/* Begin PBXNativeTarget section */
		33B458C819FE679F00330BC4 /* DoPersistenceFramework */ = {
			isa = PBXNativeTarget;
			buildConfigurationList = 33B458EC19FE679F00330BC4 /* Build configuration list for PBXNativeTarget "DoPersistenceFramework" */;
			buildPhases = (
				33B458C519FE679F00330BC4 /* Sources */,
				33B458C619FE679F00330BC4 /* Frameworks */,
				33B458C719FE679F00330BC4 /* Resources */,
			);
			buildRules = (
			);
			dependencies = (
			);
			name = DoPersistenceFramework;
			productName = DoPersistenceFramework;
			productReference = 33B458C919FE679F00330BC4 /* DoPersistenceFramework.app */;
			productType = "com.apple.product-type.application";
		};
		33B458E119FE679F00330BC4 /* DoPersistenceFrameworkTests */ = {
			isa = PBXNativeTarget;
			buildConfigurationList = 33B458EF19FE679F00330BC4 /* Build configuration list for PBXNativeTarget "DoPersistenceFrameworkTests" */;
			buildPhases = (
				33B458DE19FE679F00330BC4 /* Sources */,
				33B458DF19FE679F00330BC4 /* Frameworks */,
				33B458E019FE679F00330BC4 /* Resources */,
			);
			buildRules = (
			);
			dependencies = (
				33B458E419FE679F00330BC4 /* PBXTargetDependency */,
			);
			name = DoPersistenceFrameworkTests;
			productName = DoPersistenceFrameworkTests;
			productReference = 33B458E219FE679F00330BC4 /* DoPersistenceFrameworkTests.xctest */;
			productType = "com.apple.product-type.bundle.unit-test";
		};
/* End PBXNativeTarget section */

/* Begin PBXProject section */
		33B458C119FE679F00330BC4 /* Project object */ = {
			isa = PBXProject;
			attributes = {
				LastUpgradeCheck = 0830;
				ORGANIZATIONNAME = scics;
				TargetAttributes = {
					33B458C819FE679F00330BC4 = {
						CreatedOnToolsVersion = 6.1;
					};
					33B458E119FE679F00330BC4 = {
						CreatedOnToolsVersion = 6.1;
						TestTargetID = 33B458C819FE679F00330BC4;
					};
				};
			};
			buildConfigurationList = 33B458C419FE679F00330BC4 /* Build configuration list for PBXProject "DoPersistenceFramework" */;
			compatibilityVersion = "Xcode 3.2";
			developmentRegion = English;
			hasScannedForEncodings = 0;
			knownRegions = (
				en,
				Base,
			);
			mainGroup = 33B458C019FE679F00330BC4;
			productRefGroup = 33B458CA19FE679F00330BC4 /* Products */;
			projectDirPath = "";
			projectRoot = "";
			targets = (
				33B458C819FE679F00330BC4 /* DoPersistenceFramework */,
				33B458E119FE679F00330BC4 /* DoPersistenceFrameworkTests */,
			);
		};
/* End PBXProject section */

/* Begin PBXResourcesBuildPhase section */
		33B458C719FE679F00330BC4 /* Resources */ = {
			isa = PBXResourcesBuildPhase;
			buildActionMask = 2147483647;
			files = (
				33B458D819FE679F00330BC4 /* Main.storyboard in Resources */,
				33B458DD19FE679F00330BC4 /* LaunchScreen.xib in Resources */,
				33B458DA19FE679F00330BC4 /* Images.xcassets in Resources */,
			);
			runOnlyForDeploymentPostprocessing = 0;
		};
		33B458E019FE679F00330BC4 /* Resources */ = {
			isa = PBXResourcesBuildPhase;
			buildActionMask = 2147483647;
			files = (
			);
			runOnlyForDeploymentPostprocessing = 0;
		};
/* End PBXResourcesBuildPhase section */

/* Begin PBXSourcesBuildPhase section */
		33B458C519FE679F00330BC4 /* Sources */ = {
			isa = PBXSourcesBuildPhase;
			buildActionMask = 2147483647;
			files = (
				33B458F519FE67E700330BC4 /* DPDBObject.m in Sources */,
				29D888B31F1DBC2400080B71 /* Super.m in Sources */,
				33B458FF19FE70DD00330BC4 /* DBMETAPROP.m in Sources */,
				33C9A2651A19F2AA00BE93E2 /* NSDictionary+KeyExtend.m in Sources */,
				29D888B61F1DBCA500080B71 /* Obj2.m in Sources */,
				33B458D519FE679F00330BC4 /* ViewController.m in Sources */,
				3344AB951A079F9600538864 /* Test1.m in Sources */,
				29D888B01F1DBC1A00080B71 /* Obj1.m in Sources */,
				33C9A26C1A19F52E00BE93E2 /* ExtendNSLogFunctionality.m in Sources */,
				33C9A2681A19F2B300BE93E2 /* NSString+DOTypeConvert.m in Sources */,
				33B458D219FE679F00330BC4 /* AppDelegate.m in Sources */,
				33C9A2621A19E92600BE93E2 /* NSSet+DPModelExtention.m in Sources */,
				33B458FC19FE6F0100330BC4 /* Test.m in Sources */,
				3344AB921A076E6D00538864 /* DPDBManager.m in Sources */,
				33C9A25F1A19D69600BE93E2 /* NSArray+DPModelExtention.m in Sources */,
				33B458F819FE690400330BC4 /* DBMETA.m in Sources */,
				33B458CF19FE679F00330BC4 /* main.m in Sources */,
			);
			runOnlyForDeploymentPostprocessing = 0;
		};
		33B458DE19FE679F00330BC4 /* Sources */ = {
			isa = PBXSourcesBuildPhase;
			buildActionMask = 2147483647;
			files = (
				33B458E919FE679F00330BC4 /* DoPersistenceFrameworkTests.m in Sources */,
			);
			runOnlyForDeploymentPostprocessing = 0;
		};
/* End PBXSourcesBuildPhase section */

/* Begin PBXTargetDependency section */
		33B458E419FE679F00330BC4 /* PBXTargetDependency */ = {
			isa = PBXTargetDependency;
			target = 33B458C819FE679F00330BC4 /* DoPersistenceFramework */;
			targetProxy = 33B458E319FE679F00330BC4 /* PBXContainerItemProxy */;
		};
/* End PBXTargetDependency section */

/* Begin PBXVariantGroup section */
		33B458D619FE679F00330BC4 /* Main.storyboard */ = {
			isa = PBXVariantGroup;
			children = (
				33B458D719FE679F00330BC4 /* Base */,
			);
			name = Main.storyboard;
			sourceTree = "<group>";
		};
		33B458DB19FE679F00330BC4 /* LaunchScreen.xib */ = {
			isa = PBXVariantGroup;
			children = (
				33B458DC19FE679F00330BC4 /* Base */,
			);
			name = LaunchScreen.xib;
			sourceTree = "<group>";
		};
/* End PBXVariantGroup section */

/* Begin XCBuildConfiguration section */
		33B458EA19FE679F00330BC4 /* Debug */ = {
			isa = XCBuildConfiguration;
			buildSettings = {
				ALWAYS_SEARCH_USER_PATHS = NO;
				CLANG_CXX_LANGUAGE_STANDARD = "gnu++0x";
				CLANG_CXX_LIBRARY = "libc++";
				CLANG_ENABLE_MODULES = YES;
				CLANG_ENABLE_OBJC_ARC = YES;
				CLANG_WARN_BOOL_CONVERSION = YES;
				CLANG_WARN_CONSTANT_CONVERSION = YES;
				CLANG_WARN_DIRECT_OBJC_ISA_USAGE = YES_ERROR;
				CLANG_WARN_EMPTY_BODY = YES;
				CLANG_WARN_ENUM_CONVERSION = YES;
				CLANG_WARN_INFINITE_RECURSION = YES;
				CLANG_WARN_INT_CONVERSION = YES;
				CLANG_WARN_OBJC_ROOT_CLASS = YES_ERROR;
				CLANG_WARN_SUSPICIOUS_MOVE = YES;
				CLANG_WARN_UNREACHABLE_CODE = YES;
				CLANG_WARN__DUPLICATE_METHOD_MATCH = YES;
				"CODE_SIGN_IDENTITY[sdk=iphoneos*]" = "iPhone Developer";
				COPY_PHASE_STRIP = NO;
				ENABLE_STRICT_OBJC_MSGSEND = YES;
				ENABLE_TESTABILITY = YES;
				GCC_C_LANGUAGE_STANDARD = gnu99;
				GCC_DYNAMIC_NO_PIC = NO;
				GCC_NO_COMMON_BLOCKS = YES;
				GCC_OPTIMIZATION_LEVEL = 0;
				GCC_PREPROCESSOR_DEFINITIONS = (
					"DEBUG=1",
					"$(inherited)",
				);
				GCC_SYMBOLS_PRIVATE_EXTERN = NO;
				GCC_WARN_64_TO_32_BIT_CONVERSION = YES;
				GCC_WARN_ABOUT_RETURN_TYPE = YES_ERROR;
				GCC_WARN_UNDECLARED_SELECTOR = YES;
				GCC_WARN_UNINITIALIZED_AUTOS = YES_AGGRESSIVE;
				GCC_WARN_UNUSED_FUNCTION = YES;
				GCC_WARN_UNUSED_VARIABLE = YES;
				IPHONEOS_DEPLOYMENT_TARGET = 8.1;
				MTL_ENABLE_DEBUG_INFO = YES;
				ONLY_ACTIVE_ARCH = YES;
				SDKROOT = iphoneos;
			};
			name = Debug;
		};
		33B458EB19FE679F00330BC4 /* Release */ = {
			isa = XCBuildConfiguration;
			buildSettings = {
				ALWAYS_SEARCH_USER_PATHS = NO;
				CLANG_CXX_LANGUAGE_STANDARD = "gnu++0x";
				CLANG_CXX_LIBRARY = "libc++";
				CLANG_ENABLE_MODULES = YES;
				CLANG_ENABLE_OBJC_ARC = YES;
				CLANG_WARN_BOOL_CONVERSION = YES;
				CLANG_WARN_CONSTANT_CONVERSION = YES;
				CLANG_WARN_DIRECT_OBJC_ISA_USAGE = YES_ERROR;
				CLANG_WARN_EMPTY_BODY = YES;
				CLANG_WARN_ENUM_CONVERSION = YES;
				CLANG_WARN_INFINITE_RECURSION = YES;
				CLANG_WARN_INT_CONVERSION = YES;
				CLANG_WARN_OBJC_ROOT_CLASS = YES_ERROR;
				CLANG_WARN_SUSPICIOUS_MOVE = YES;
				CLANG_WARN_UNREACHABLE_CODE = YES;
				CLANG_WARN__DUPLICATE_METHOD_MATCH = YES;
				"CODE_SIGN_IDENTITY[sdk=iphoneos*]" = "iPhone Developer";
				COPY_PHASE_STRIP = YES;
				ENABLE_NS_ASSERTIONS = NO;
				ENABLE_STRICT_OBJC_MSGSEND = YES;
				GCC_C_LANGUAGE_STANDARD = gnu99;
				GCC_NO_COMMON_BLOCKS = YES;
				GCC_WARN_64_TO_32_BIT_CONVERSION = YES;
				GCC_WARN_ABOUT_RETURN_TYPE = YES_ERROR;
				GCC_WARN_UNDECLARED_SELECTOR = YES;
				GCC_WARN_UNINITIALIZED_AUTOS = YES_AGGRESSIVE;
				GCC_WARN_UNUSED_FUNCTION = YES;
				GCC_WARN_UNUSED_VARIABLE = YES;
				IPHONEOS_DEPLOYMENT_TARGET = 8.1;
				MTL_ENABLE_DEBUG_INFO = NO;
				SDKROOT = iphoneos;
				VALIDATE_PRODUCT = YES;
			};
			name = Release;
		};
		33B458ED19FE679F00330BC4 /* Debug */ = {
			isa = XCBuildConfiguration;
			buildSettings = {
				ASSETCATALOG_COMPILER_APPICON_NAME = AppIcon;
				CLANG_ALLOW_NON_MODULAR_INCLUDES_IN_FRAMEWORK_MODULES = NO;
				INFOPLIST_FILE = DoPersistenceFramework/Info.plist;
				IPHONEOS_DEPLOYMENT_TARGET = 8.0;
				LD_RUNPATH_SEARCH_PATHS = "$(inherited) @executable_path/Frameworks";
				PRODUCT_BUNDLE_IDENTIFIER = "com.scics.$(PRODUCT_NAME:rfc1034identifier)";
				PRODUCT_NAME = "$(TARGET_NAME)";
			};
			name = Debug;
		};
		33B458EE19FE679F00330BC4 /* Release */ = {
			isa = XCBuildConfiguration;
			buildSettings = {
				ASSETCATALOG_COMPILER_APPICON_NAME = AppIcon;
				CLANG_ALLOW_NON_MODULAR_INCLUDES_IN_FRAMEWORK_MODULES = NO;
				INFOPLIST_FILE = DoPersistenceFramework/Info.plist;
				IPHONEOS_DEPLOYMENT_TARGET = 8.0;
				LD_RUNPATH_SEARCH_PATHS = "$(inherited) @executable_path/Frameworks";
				PRODUCT_BUNDLE_IDENTIFIER = "com.scics.$(PRODUCT_NAME:rfc1034identifier)";
				PRODUCT_NAME = "$(TARGET_NAME)";
			};
			name = Release;
		};
		33B458F019FE679F00330BC4 /* Debug */ = {
			isa = XCBuildConfiguration;
			buildSettings = {
				BUNDLE_LOADER = "$(TEST_HOST)";
				FRAMEWORK_SEARCH_PATHS = (
					"$(SDKROOT)/Developer/Library/Frameworks",
					"$(inherited)",
				);
				GCC_PREPROCESSOR_DEFINITIONS = (
					"DEBUG=1",
					"$(inherited)",
				);
				INFOPLIST_FILE = DoPersistenceFrameworkTests/Info.plist;
				LD_RUNPATH_SEARCH_PATHS = "$(inherited) @executable_path/Frameworks @loader_path/Frameworks";
				PRODUCT_BUNDLE_IDENTIFIER = "com.scics.$(PRODUCT_NAME:rfc1034identifier)";
				PRODUCT_NAME = "$(TARGET_NAME)";
				TEST_HOST = "$(BUILT_PRODUCTS_DIR)/DoPersistenceFramework.app/DoPersistenceFramework";
			};
			name = Debug;
		};
		33B458F119FE679F00330BC4 /* Release */ = {
			isa = XCBuildConfiguration;
			buildSettings = {
				BUNDLE_LOADER = "$(TEST_HOST)";
				FRAMEWORK_SEARCH_PATHS = (
					"$(SDKROOT)/Developer/Library/Frameworks",
					"$(inherited)",
				);
				INFOPLIST_FILE = DoPersistenceFrameworkTests/Info.plist;
				LD_RUNPATH_SEARCH_PATHS = "$(inherited) @executable_path/Frameworks @loader_path/Frameworks";
				PRODUCT_BUNDLE_IDENTIFIER = "com.scics.$(PRODUCT_NAME:rfc1034identifier)";
				PRODUCT_NAME = "$(TARGET_NAME)";
				TEST_HOST = "$(BUILT_PRODUCTS_DIR)/DoPersistenceFramework.app/DoPersistenceFramework";
			};
			name = Release;
		};
/* End XCBuildConfiguration section */

/* Begin XCConfigurationList section */
		33B458C419FE679F00330BC4 /* Build configuration list for PBXProject "DoPersistenceFramework" */ = {
			isa = XCConfigurationList;
			buildConfigurations = (
				33B458EA19FE679F00330BC4 /* Debug */,
				33B458EB19FE679F00330BC4 /* Release */,
			);
			defaultConfigurationIsVisible = 0;
			defaultConfigurationName = Release;
		};
		33B458EC19FE679F00330BC4 /* Build configuration list for PBXNativeTarget "DoPersistenceFramework" */ = {
			isa = XCConfigurationList;
			buildConfigurations = (
				33B458ED19FE679F00330BC4 /* Debug */,
				33B458EE19FE679F00330BC4 /* Release */,
			);
			defaultConfigurationIsVisible = 0;
			defaultConfigurationName = Release;
		};
		33B458EF19FE679F00330BC4 /* Build configuration list for PBXNativeTarget "DoPersistenceFrameworkTests" */ = {
			isa = XCConfigurationList;
			buildConfigurations = (
				33B458F019FE679F00330BC4 /* Debug */,
				33B458F119FE679F00330BC4 /* Release */,
			);
			defaultConfigurationIsVisible = 0;
			defaultConfigurationName = Release;
		};
/* End XCConfigurationList section */
	};
	rootObject = 33B458C119FE679F00330BC4 /* Project object */;
}
